// !$*UTF8*$!
{
	archiveVersion = 1;
	classes = {
	};
	objectVersion = 50;
	objects = {

/* Begin PBXBuildFile section */
		90E046202228FC540011F078 /* AppDelegate.swift in Sources */ = {isa = PBXBuildFile; fileRef = 90E0461F2228FC540011F078 /* AppDelegate.swift */; };
		90E046222228FC540011F078 /* ViewController.swift in Sources */ = {isa = PBXBuildFile; fileRef = 90E046212228FC540011F078 /* ViewController.swift */; };
		90E046252228FC540011F078 /* Main.storyboard in Resources */ = {isa = PBXBuildFile; fileRef = 90E046232228FC540011F078 /* Main.storyboard */; };
		90E046272228FC550011F078 /* Assets.xcassets in Resources */ = {isa = PBXBuildFile; fileRef = 90E046262228FC550011F078 /* Assets.xcassets */; };
		90E0462A2228FC550011F078 /* LaunchScreen.storyboard in Resources */ = {isa = PBXBuildFile; fileRef = 90E046282228FC550011F078 /* LaunchScreen.storyboard */; };
		90E046322228FF330011F078 /* MainView.swift in Sources */ = {isa = PBXBuildFile; fileRef = 90E046312228FF330011F078 /* MainView.swift */; };
		90E04634222901380011F078 /* TableViewCell.swift in Sources */ = {isa = PBXBuildFile; fileRef = 90E04633222901380011F078 /* TableViewCell.swift */; };
		90E04636222A0F540011F078 /* Model.swift in Sources */ = {isa = PBXBuildFile; fileRef = 90E04635222A0F540011F078 /* Model.swift */; };
/* End PBXBuildFile section */

/* Begin PBXFileReference section */
		90E0461C2228FC540011F078 /* ProducerConsumerProject.app */ = {isa = PBXFileReference; explicitFileType = wrapper.application; includeInIndex = 0; path = ProducerConsumerProject.app; sourceTree = BUILT_PRODUCTS_DIR; };
		90E0461F2228FC540011F078 /* AppDelegate.swift */ = {isa = PBXFileReference; lastKnownFileType = sourcecode.swift; path = AppDelegate.swift; sourceTree = "<group>"; };
		90E046212228FC540011F078 /* ViewController.swift */ = {isa = PBXFileReference; lastKnownFileType = sourcecode.swift; path = ViewController.swift; sourceTree = "<group>"; };
		90E046242228FC540011F078 /* Base */ = {isa = PBXFileReference; lastKnownFileType = file.storyboard; name = Base; path = Base.lproj/Main.storyboard; sourceTree = "<group>"; };
		90E046262228FC550011F078 /* Assets.xcassets */ = {isa = PBXFileReference; lastKnownFileType = folder.assetcatalog; path = Assets.xcassets; sourceTree = "<group>"; };
		90E046292228FC550011F078 /* Base */ = {isa = PBXFileReference; lastKnownFileType = file.storyboard; name = Base; path = Base.lproj/LaunchScreen.storyboard; sourceTree = "<group>"; };
		90E0462B2228FC550011F078 /* Info.plist */ = {isa = PBXFileReference; lastKnownFileType = text.plist.xml; path = Info.plist; sourceTree = "<group>"; };
		90E046312228FF330011F078 /* MainView.swift */ = {isa = PBXFileReference; lastKnownFileType = sourcecode.swift; path = MainView.swift; sourceTree = "<group>"; };
		90E04633222901380011F078 /* TableViewCell.swift */ = {isa = PBXFileReference; lastKnownFileType = sourcecode.swift; path = TableViewCell.swift; sourceTree = "<group>"; };
		90E04635222A0F540011F078 /* Model.swift */ = {isa = PBXFileReference; lastKnownFileType = sourcecode.swift; path = Model.swift; sourceTree = "<group>"; };
/* End PBXFileReference section */

/* Begin PBXFrameworksBuildPhase section */
		90E046192228FC540011F078 /* Frameworks */ = {
			isa = PBXFrameworksBuildPhase;
			buildActionMask = 2147483647;
			files = (
			);
			runOnlyForDeploymentPostprocessing = 0;
		};
/* End PBXFrameworksBuildPhase section */

/* Begin PBXGroup section */
		90E046132228FC530011F078 = {
			isa = PBXGroup;
			children = (
				90E0461E2228FC540011F078 /* ProducerConsumerProject */,
				90E0461D2228FC540011F078 /* Products */,
			);
			sourceTree = "<group>";
		};
		90E0461D2228FC540011F078 /* Products */ = {
			isa = PBXGroup;
			children = (
				90E0461C2228FC540011F078 /* ProducerConsumerProject.app */,
			);
			name = Products;
			sourceTree = "<group>";
		};
		90E0461E2228FC540011F078 /* ProducerConsumerProject */ = {
			isa = PBXGroup;
			children = (
				90E0461F2228FC540011F078 /* AppDelegate.swift */,
				90E046212228FC540011F078 /* ViewController.swift */,
				90E04635222A0F540011F078 /* Model.swift */,
				90E046312228FF330011F078 /* MainView.swift */,
				90E04633222901380011F078 /* TableViewCell.swift */,
				90E046232228FC540011F078 /* Main.storyboard */,
				90E046262228FC550011F078 /* Assets.xcassets */,
				90E046282228FC550011F078 /* LaunchScreen.storyboard */,
				90E0462B2228FC550011F078 /* Info.plist */,
			);
			path = ProducerConsumerProject;
			sourceTree = "<group>";
		};
/* End PBXGroup section */

/* Begin PBXNativeTarget section */
		90E0461B2228FC540011F078 /* ProducerConsumerProject */ = {
			isa = PBXNativeTarget;
			buildConfigurationList = 90E0462E2228FC550011F078 /* Build configuration list for PBXNativeTarget "ProducerConsumerProject" */;
			buildPhases = (
				90E046182228FC540011F078 /* Sources */,
				90E046192228FC540011F078 /* Frameworks */,
				90E0461A2228FC540011F078 /* Resources */,
			);
			buildRules = (
			);
			dependencies = (
			);
			name = ProducerConsumerProject;
			productName = ProducerConsumerProject;
			productReference = 90E0461C2228FC540011F078 /* ProducerConsumerProject.app */;
			productType = "com.apple.product-type.application";
		};
/* End PBXNativeTarget section */

/* Begin PBXProject section */
		90E046142228FC530011F078 /* Project object */ = {
			isa = PBXProject;
			attributes = {
				LastSwiftUpdateCheck = 1010;
				LastUpgradeCheck = 1010;
				ORGANIZATIONNAME = "Dan Henshaw";
				TargetAttributes = {
					90E0461B2228FC540011F078 = {
						CreatedOnToolsVersion = 10.1;
					};
				};
			};
			buildConfigurationList = 90E046172228FC530011F078 /* Build configuration list for PBXProject "ProducerConsumerProject" */;
			compatibilityVersion = "Xcode 9.3";
			developmentRegion = en;
			hasScannedForEncodings = 0;
			knownRegions = (
				en,
				Base,
			);
			mainGroup = 90E046132228FC530011F078;
			productRefGroup = 90E0461D2228FC540011F078 /* Products */;
			projectDirPath = "";
			projectRoot = "";
			targets = (
				90E0461B2228FC540011F078 /* ProducerConsumerProject */,
			);
		};
/* End PBXProject section */

/* Begin PBXResourcesBuildPhase section */
		90E0461A2228FC540011F078 /* Resources */ = {
			isa = PBXResourcesBuildPhase;
			buildActionMask = 2147483647;
			files = (
				90E0462A2228FC550011F078 /* LaunchScreen.storyboard in Resources */,
				90E046272228FC550011F078 /* Assets.xcassets in Resources */,
				90E046252228FC540011F078 /* Main.storyboard in Resources */,
			);
			runOnlyForDeploymentPostprocessing = 0;
		};
/* End PBXResourcesBuildPhase section */

/* Begin PBXSourcesBuildPhase section */
		90E046182228FC540011F078 /* Sources */ = {
			isa = PBXSourcesBuildPhase;
			buildActionMask = 2147483647;
			files = (
				90E04636222A0F540011F078 /* Model.swift in Sources */,
				90E046222228FC540011F078 /* ViewController.swift in Sources */,
				90E04634222901380011F078 /* TableViewCell.swift in Sources */,
				90E046202228FC540011F078 /* AppDelegate.swift in Sources */,
				90E046322228FF330011F078 /* MainView.swift in Sources */,
			);
			runOnlyForDeploymentPostprocessing = 0;
		};
/* End PBXSourcesBuildPhase section */

/* Begin PBXVariantGroup section */
		90E046232228FC540011F078 /* Main.storyboard */ = {
			isa = PBXVariantGroup;
			children = (
				90E046242228FC540011F078 /* Base */,
			);
			name = Main.storyboard;
			sourceTree = "<group>";
		};
		90E046282228FC550011F078 /* LaunchScreen.storyboard */ = {
			isa = PBXVariantGroup;
			children = (
				90E046292228FC550011F078 /* Base */,
			);
			name = LaunchScreen.storyboard;
			sourceTree = "<group>";
		};
/* End PBXVariantGroup section */

/* Begin XCBuildConfiguration section */
		90E0462C2228FC550011F078 /* Debug */ = {
			isa = XCBuildConfiguration;
			buildSettings = {
				ALWAYS_SEARCH_USER_PATHS = NO;
				CLANG_ANALYZER_NONNULL = YES;
				CLANG_ANALYZER_NUMBER_OBJECT_CONVERSION = YES_AGGRESSIVE;
				CLANG_CXX_LANGUAGE_STANDARD = "gnu++14";
				CLANG_CXX_LIBRARY = "libc++";
				CLANG_ENABLE_MODULES = YES;
				CLANG_ENABLE_OBJC_ARC = YES;
				CLANG_ENABLE_OBJC_WEAK = YES;
				CLANG_WARN_BLOCK_CAPTURE_AUTORELEASING = YES;
				CLANG_WARN_BOOL_CONVERSION = YES;
				CLANG_WARN_COMMA = YES;
				CLANG_WARN_CONSTANT_CONVERSION = YES;
				CLANG_WARN_DEPRECATED_OBJC_IMPLEMENTATIONS = YES;
				CLANG_WARN_DIRECT_OBJC_ISA_USAGE = YES_ERROR;
				CLANG_WARN_DOCUMENTATION_COMMENTS = YES;
				CLANG_WARN_EMPTY_BODY = YES;
				CLANG_WARN_ENUM_CONVERSION = YES;
				CLANG_WARN_INFINITE_RECURSION = YES;
				CLANG_WARN_INT_CONVERSION = YES;
				CLANG_WARN_NON_LITERAL_NULL_CONVERSION = YES;
				CLANG_WARN_OBJC_IMPLICIT_RETAIN_SELF = YES;
				CLANG_WARN_OBJC_LITERAL_CONVERSION = YES;
				CLANG_WARN_OBJC_ROOT_CLASS = YES_ERROR;
				CLANG_WARN_RANGE_LOOP_ANALYSIS = YES;
				CLANG_WARN_STRICT_PROTOTYPES = YES;
				CLANG_WARN_SUSPICIOUS_MOVE = YES;
				CLANG_WARN_UNGUARDED_AVAILABILITY = YES_AGGRESSIVE;
				CLANG_WARN_UNREACHABLE_CODE = YES;
				CLANG_WARN__DUPLICATE_METHOD_MATCH = YES;
				CODE_SIGN_IDENTITY = "iPhone Developer";
				COPY_PHASE_STRIP = NO;
				DEBUG_INFORMATION_FORMAT = dwarf;
				ENABLE_STRICT_OBJC_MSGSEND = YES;
				ENABLE_TESTABILITY = YES;
				GCC_C_LANGUAGE_STANDARD = gnu11;
				GCC_DYNAMIC_NO_PIC = NO;
				GCC_NO_COMMON_BLOCKS = YES;
				GCC_OPTIMIZATION_LEVEL = 0;
				GCC_PREPROCESSOR_DEFINITIONS = (
					"DEBUG=1",
					"$(inherited)",
				);
				GCC_WARN_64_TO_32_BIT_CONVERSION = YES;
				GCC_WARN_ABOUT_RETURN_TYPE = YES_ERROR;
				GCC_WARN_UNDECLARED_SELECTOR = YES;
				GCC_WARN_UNINITIALIZED_AUTOS = YES_AGGRESSIVE;
				GCC_WARN_UNUSED_FUNCTION = YES;
				GCC_WARN_UNUSED_VARIABLE = YES;
				IPHONEOS_DEPLOYMENT_TARGET = 12.1;
				MTL_ENABLE_DEBUG_INFO = INCLUDE_SOURCE;
				MTL_FAST_MATH = YES;
				ONLY_ACTIVE_ARCH = YES;
				SDKROOT = iphoneos;
				SWIFT_ACTIVE_COMPILATION_CONDITIONS = DEBUG;
				SWIFT_OPTIMIZATION_LEVEL = "-Onone";
			};
			name = Debug;
		};
		90E0462D2228FC550011F078 /* Release */ = {
			isa = XCBuildConfiguration;
			buildSettings = {
				ALWAYS_SEARCH_USER_PATHS = NO;
				CLANG_ANALYZER_NONNULL = YES;
				CLANG_ANALYZER_NUMBER_OBJECT_CONVERSION = YES_AGGRESSIVE;
				CLANG_CXX_LANGUAGE_STANDARD = "gnu++14";
				CLANG_CXX_LIBRARY = "libc++";
				CLANG_ENABLE_MODULES = YES;
				CLANG_ENABLE_OBJC_ARC = YES;
				CLANG_ENABLE_OBJC_WEAK = YES;
				CLANG_WARN_BLOCK_CAPTURE_AUTORELEASING = YES;
				CLANG_WARN_BOOL_CONVERSION = YES;
				CLANG_WARN_COMMA = YES;
				CLANG_WARN_CONSTANT_CONVERSION = YES;
				CLANG_WARN_DEPRECATED_OBJC_IMPLEMENTATIONS = YES;
				CLANG_WARN_DIRECT_OBJC_ISA_USAGE = YES_ERROR;
				CLANG_WARN_DOCUMENTATION_COMMENTS = YES;
				CLANG_WARN_EMPTY_BODY = YES;
				CLANG_WARN_ENUM_CONVERSION = YES;
				CLANG_WARN_INFINITE_RECURSION = YES;
				CLANG_WARN_INT_CONVERSION = YES;
				CLANG_WARN_NON_LITERAL_NULL_CONVERSION = YES;
				CLANG_WARN_OBJC_IMPLICIT_RETAIN_SELF = YES;
				CLANG_WARN_OBJC_LITERAL_CONVERSION = YES;
				CLANG_WARN_OBJC_ROOT_CLASS = YES_ERROR;
				CLANG_WARN_RANGE_LOOP_ANALYSIS = YES;
				CLANG_WARN_STRICT_PROTOTYPES = YES;
				CLANG_WARN_SUSPICIOUS_MOVE = YES;
				CLANG_WARN_UNGUARDED_AVAILABILITY = YES_AGGRESSIVE;
				CLANG_WARN_UNREACHABLE_CODE = YES;
				CLANG_WARN__DUPLICATE_METHOD_MATCH = YES;
				CODE_SIGN_IDENTITY = "iPhone Developer";
				COPY_PHASE_STRIP = NO;
				DEBUG_INFORMATION_FORMAT = "dwarf-with-dsym";
				ENABLE_NS_ASSERTIONS = NO;
				ENABLE_STRICT_OBJC_MSGSEND = YES;
				GCC_C_LANGUAGE_STANDARD = gnu11;
				GCC_NO_COMMON_BLOCKS = YES;
				GCC_WARN_64_TO_32_BIT_CONVERSION = YES;
				GCC_WARN_ABOUT_RETURN_TYPE = YES_ERROR;
				GCC_WARN_UNDECLARED_SELECTOR = YES;
				GCC_WARN_UNINITIALIZED_AUTOS = YES_AGGRESSIVE;
				GCC_WARN_UNUSED_FUNCTION = YES;
				GCC_WARN_UNUSED_VARIABLE = YES;
				IPHONEOS_DEPLOYMENT_TARGET = 12.1;
				MTL_ENABLE_DEBUG_INFO = NO;
				MTL_FAST_MATH = YES;
				SDKROOT = iphoneos;
				SWIFT_COMPILATION_MODE = wholemodule;
				SWIFT_OPTIMIZATION_LEVEL = "-O";
				VALIDATE_PRODUCT = YES;
			};
			name = Release;
		};
		90E0462F2228FC550011F078 /* Debug */ = {
			isa = XCBuildConfiguration;
			buildSettings = {
				ASSETCATALOG_COMPILER_APPICON_NAME = AppIcon;
				CODE_SIGN_STYLE = Automatic;
				INFOPLIST_FILE = ProducerConsumerProject/Info.plist;
				LD_RUNPATH_SEARCH_PATHS = (
					"$(inherited)",
					"@executable_path/Frameworks",
				);
				PRODUCT_BUNDLE_IDENTIFIER = MEGA.ProducerConsumerProject;
				PRODUCT_NAME = "$(TARGET_NAME)";
				SWIFT_VERSION = 4.2;
				TARGETED_DEVICE_FAMILY = "1,2";
			};
			name = Debug;
		};
		90E046302228FC550011F078 /* Release */ = {
			isa = XCBuildConfiguration;
			buildSettings = {
				ASSETCATALOG_COMPILER_APPICON_NAME = AppIcon;
				CODE_SIGN_STYLE = Automatic;
				INFOPLIST_FILE = ProducerConsumerProject/Info.plist;
				LD_RUNPATH_SEARCH_PATHS = (
					"$(inherited)",
					"@executable_path/Frameworks",
				);
				PRODUCT_BUNDLE_IDENTIFIER = MEGA.ProducerConsumerProject;
				PRODUCT_NAME = "$(TARGET_NAME)";
				SWIFT_VERSION = 4.2;
				TARGETED_DEVICE_FAMILY = "1,2";
			};
			name = Release;
		};
/* End XCBuildConfiguration section */

/* Begin XCConfigurationList section */
		90E046172228FC530011F078 /* Build configuration list for PBXProject "ProducerConsumerProject" */ = {
			isa = XCConfigurationList;
			buildConfigurations = (
				90E0462C2228FC550011F078 /* Debug */,
				90E0462D2228FC550011F078 /* Release */,
			);
			defaultConfigurationIsVisible = 0;
			defaultConfigurationName = Release;
		};
		90E0462E2228FC550011F078 /* Build configuration list for PBXNativeTarget "ProducerConsumerProject" */ = {
			isa = XCConfigurationList;
			buildConfigurations = (
				90E0462F2228FC550011F078 /* Debug */,
				90E046302228FC550011F078 /* Release */,
			);
			defaultConfigurationIsVisible = 0;
			defaultConfigurationName = Release;
		};
/* End XCConfigurationList section */
	};
	rootObject = 90E046142228FC530011F078 /* Project object */;
}
